
Microsoft Visual Studio Solution File, Format Version 12.00
# Visual Studio Version 17
VisualStudioVersion = 17.11.35431.28
MinimumVisualStudioVersion = 10.0.40219.1
Project("{FAE04EC0-301F-11D3-BF4B-00C04F79EFBC}") = "ApiTarefas", "ApiTarefas\ApiTarefas.csproj", "{8629B7A1-3090-424C-A3B9-ECC63220B11D}"
EndProject
Global
	GlobalSection(SolutionConfigurationPlatforms) = preSolution
		Debug|Any CPU = Debug|Any CPU
		Release|Any CPU = Release|Any CPU
	EndGlobalSection
	GlobalSection(ProjectConfigurationPlatforms) = postSolution
		{8629B7A1-3090-424C-A3B9-ECC63220B11D}.Debug|Any CPU.ActiveCfg = Debug|Any CPU
		{8629B7A1-3090-424C-A3B9-ECC63220B11D}.Debug|Any CPU.Build.0 = Debug|Any CPU
		{8629B7A1-3090-424C-A3B9-ECC63220B11D}.Release|Any CPU.ActiveCfg = Release|Any CPU
		{8629B7A1-3090-424C-A3B9-ECC63220B11D}.Release|Any CPU.Build.0 = Release|Any CPU
	EndGlobalSection
	GlobalSection(SolutionProperties) = preSolution
		HideSolutionNode = FALSE
	EndGlobalSection
	GlobalSection(ExtensibilityGlobals) = postSolution
		SolutionGuid = {0ADC460A-DC59-44E5-8B70-DDD6712EBB01}
	EndGlobalSection
EndGlobal
