
Microsoft Visual Studio Solution File, Format Version 12.00
# Visual Studio Version 17
VisualStudioVersion = 17.11.35431.28
MinimumVisualStudioVersion = 10.0.40219.1
Project("{FAE04EC0-301F-11D3-BF4B-00C04F79EFBC}") = "CategoriasMvc", "CategoriasMvc\CategoriasMvc.csproj", "{399ABE41-B2DB-4934-8440-88CEA937E986}"
EndProject
Global
	GlobalSection(SolutionConfigurationPlatforms) = preSolution
		Debug|Any CPU = Debug|Any CPU
		Release|Any CPU = Release|Any CPU
	EndGlobalSection
	GlobalSection(ProjectConfigurationPlatforms) = postSolution
		{399ABE41-B2DB-4934-8440-88CEA937E986}.Debug|Any CPU.ActiveCfg = Debug|Any CPU
		{399ABE41-B2DB-4934-8440-88CEA937E986}.Debug|Any CPU.Build.0 = Debug|Any CPU
		{399ABE41-B2DB-4934-8440-88CEA937E986}.Release|Any CPU.ActiveCfg = Release|Any CPU
		{399ABE41-B2DB-4934-8440-88CEA937E986}.Release|Any CPU.Build.0 = Release|Any CPU
	EndGlobalSection
	GlobalSection(SolutionProperties) = preSolution
		HideSolutionNode = FALSE
	EndGlobalSection
	GlobalSection(ExtensibilityGlobals) = postSolution
		SolutionGuid = {3DFA459E-5DE5-4F7B-A9E8-A79751F5171C}
	EndGlobalSection
EndGlobal
